
Microsoft Visual Studio Solution File, Format Version 12.00
# Visual Studio Version 16
VisualStudioVersion = 16.0.29326.143
MinimumVisualStudioVersion = 10.0.40219.1
Project("{FAE04EC0-301F-11D3-BF4B-00C04F79EFBC}") = "CarDealer.Web", "CarDealer.Web\CarDealer.Web.csproj", "{065F91C8-70A7-41DB-AFF7-22E59055AF1C}"
EndProject
Project("{FAE04EC0-301F-11D3-BF4B-00C04F79EFBC}") = "CarDealer.Data", "CarDealer.Data\CarDealer.Data.csproj", "{232D5C09-163D-4E09-9066-5F0E947AB95C}"
EndProject
Project("{FAE04EC0-301F-11D3-BF4B-00C04F79EFBC}") = "CarDealer.Services", "CarDealer.Services\CarDealer.Services.csproj", "{3963EBC9-F5B5-4F0F-8A83-05D4533323CA}"
EndProject
Global
	GlobalSection(SolutionConfigurationPlatforms) = preSolution
		Debug|Any CPU = Debug|Any CPU
		Release|Any CPU = Release|Any CPU
	EndGlobalSection
	GlobalSection(ProjectConfigurationPlatforms) = postSolution
		{065F91C8-70A7-41DB-AFF7-22E59055AF1C}.Debug|Any CPU.ActiveCfg = Debug|Any CPU
		{065F91C8-70A7-41DB-AFF7-22E59055AF1C}.Debug|Any CPU.Build.0 = Debug|Any CPU
		{065F91C8-70A7-41DB-AFF7-22E59055AF1C}.Release|Any CPU.ActiveCfg = Release|Any CPU
		{065F91C8-70A7-41DB-AFF7-22E59055AF1C}.Release|Any CPU.Build.0 = Release|Any CPU
		{232D5C09-163D-4E09-9066-5F0E947AB95C}.Debug|Any CPU.ActiveCfg = Debug|Any CPU
		{232D5C09-163D-4E09-9066-5F0E947AB95C}.Debug|Any CPU.Build.0 = Debug|Any CPU
		{232D5C09-163D-4E09-9066-5F0E947AB95C}.Release|Any CPU.ActiveCfg = Release|Any CPU
		{232D5C09-163D-4E09-9066-5F0E947AB95C}.Release|Any CPU.Build.0 = Release|Any CPU
		{3963EBC9-F5B5-4F0F-8A83-05D4533323CA}.Debug|Any CPU.ActiveCfg = Debug|Any CPU
		{3963EBC9-F5B5-4F0F-8A83-05D4533323CA}.Debug|Any CPU.Build.0 = Debug|Any CPU
		{3963EBC9-F5B5-4F0F-8A83-05D4533323CA}.Release|Any CPU.ActiveCfg = Release|Any CPU
		{3963EBC9-F5B5-4F0F-8A83-05D4533323CA}.Release|Any CPU.Build.0 = Release|Any CPU
	EndGlobalSection
	GlobalSection(SolutionProperties) = preSolution
		HideSolutionNode = FALSE
	EndGlobalSection
	GlobalSection(ExtensibilityGlobals) = postSolution
		SolutionGuid = {198E1F92-6B2F-4244-A092-7867E3BE9C36}
	EndGlobalSection
EndGlobal
